
Microsoft Visual Studio Solution File, Format Version 12.00
# Visual Studio 15
VisualStudioVersion = 15.0.28010.2050
MinimumVisualStudioVersion = 10.0.40219.1
Project("{FAE04EC0-301F-11D3-BF4B-00C04F79EFBC}") = "JSON Final Review", "JSON Final Review\JSON Final Review.csproj", "{1328C439-060C-4A1B-B65D-DCE222D0C977}"
EndProject
Global
	GlobalSection(SolutionConfigurationPlatforms) = preSolution
		Debug|Any CPU = Debug|Any CPU
		Release|Any CPU = Release|Any CPU
	EndGlobalSection
	GlobalSection(ProjectConfigurationPlatforms) = postSolution
		{1328C439-060C-4A1B-B65D-DCE222D0C977}.Debug|Any CPU.ActiveCfg = Debug|Any CPU
		{1328C439-060C-4A1B-B65D-DCE222D0C977}.Debug|Any CPU.Build.0 = Debug|Any CPU
		{1328C439-060C-4A1B-B65D-DCE222D0C977}.Release|Any CPU.ActiveCfg = Release|Any CPU
		{1328C439-060C-4A1B-B65D-DCE222D0C977}.Release|Any CPU.Build.0 = Release|Any CPU
	EndGlobalSection
	GlobalSection(SolutionProperties) = preSolution
		HideSolutionNode = FALSE
	EndGlobalSection
	GlobalSection(ExtensibilityGlobals) = postSolution
		SolutionGuid = {5248917D-5BDB-4272-ADAB-2F9F88EDA343}
	EndGlobalSection
EndGlobal
